# This file is autogenerated, do not edit; changes may be undone by the next 'dep ensure'.


[[projects]]
  name = "github.com/davecgh/go-spew"
  packages = ["spew"]
  revision = "346938d642f2ec3594ed81d874461961cd0faa76"
  version = "v1.1.0"

[[projects]]
  branch = "master"
  name = "github.com/denisenkom/go-mssqldb"
  packages = ["."]
  revision = "ee492709d4324cdcb051d2ac266b77ddc380f5c5"

[[projects]]
  name = "github.com/dgrijalva/jwt-go"
  packages = ["."]
  revision = "dbeaa9332f19a944acb5736b4456cfcc02140e29"
  version = "v3.1.0"

[[projects]]
  name = "github.com/ghodss/yaml"
  packages = ["."]
  revision = "0ca9ea5df5451ffdf184b4428c902747c2c11cd7"
  version = "v1.0.0"

[[projects]]
  branch = "master"
  name = "github.com/go-sql-driver/mysql"
  packages = ["."]
  revision = "bc14601d1bd56421dd60f561e6052c9ed77f9daf"

[[projects]]
  name = "github.com/jinzhu/gorm"
  packages = [".","dialects/mssql","dialects/mysql","dialects/postgres","dialects/sqlite"]
  revision = "5174cc5c242a728b435ea2be8a2f7f998e15429b"
  version = "v1.0"

[[projects]]
  branch = "master"
  name = "github.com/jinzhu/inflection"
  packages = ["."]
  revision = "1c35d901db3da928c72a72d8458480cc9ade058f"

[[projects]]
  name = "github.com/labstack/echo"
  packages = [".","middleware"]
  revision = "b338075a0fc6e1a0683dbf03d09b4957a289e26f"
  version = "3.2.6"

[[projects]]
  name = "github.com/labstack/gommon"
  packages = ["bytes","color","log","random"]
  revision = "57409ada9da0f2afad6664c49502f8c50fbd8476"
  version = "0.2.3"

[[projects]]
  branch = "master"
  name = "github.com/lib/pq"
  packages = [".","hstore","oid"]
  revision = "19c8e9ad00952ce0c64489b60e8df88bb16dd514"

[[projects]]
  branch = "master"
  name = "github.com/mattn/go-colorable"
  packages = ["."]
  revision = "6cc8b475d4682021d75d2cbe2bc481bec4ce98e5"

[[projects]]
  branch = "master"
  name = "github.com/mattn/go-isatty"
  packages = ["."]
  revision = "6ca4dbf54d38eea1a992b3c722a76a5d1c4cb25c"

[[projects]]
  branch = "master"
  name = "github.com/mattn/go-sqlite3"
  packages = ["."]
  revision = "9bdd5428f7d3754cbda0efab73be02be36e921ed"

[[projects]]
  name = "github.com/op/go-logging"
  packages = ["."]
  revision = "b2cb9fa56473e98db8caba80237377e83fe44db5"
  version = "v1"

[[projects]]
  name = "github.com/pmezard/go-difflib"
  packages = ["difflib"]
  revision = "792786c7400a136282c1664665ae0a8db921c6c2"
  version = "v1.0.0"

[[projects]]
  name = "github.com/stretchr/testify"
  packages = ["assert"]
  revision = "b91bfb9ebec76498946beb6af7c0230c7cc7ba6c"
  version = "v1.2.0"

[[projects]]
  name = "github.com/tidwall/gjson"
  packages = ["."]
  revision = "87033efcaec6215741137e8ca61952c53ef2685d"
  version = "v1.0.6"

[[projects]]
  branch = "master"
  name = "github.com/tidwall/match"
  packages = ["."]
  revision = "1731857f09b1f38450e2c12409748407822dc6be"

[[projects]]
  branch = "master"
  name = "github.com/valyala/bytebufferpool"
  packages = ["."]
  revision = "e746df99fe4a3986f4d4f79e13c1e0117ce9c2f7"

[[projects]]
  branch = "master"
  name = "github.com/valyala/fasttemplate"
  packages = ["."]
  revision = "dcecefd839c4193db0d35b88ec65b4c12d360ab0"

[[projects]]
  branch = "master"
  name = "golang.org/x/crypto"
  packages = ["acme","acme/autocert","md4"]
  revision = "1875d0a70c90e57f11972aefd42276df65e895b9"

[[projects]]
  branch = "master"
  name = "golang.org/x/sys"
  packages = ["unix"]
  revision = "ff2a66f350cefa5c93a634eadb5d25bb60c85a9c"

[[projects]]
  branch = "master"
  name = "google.golang.org/appengine"
  packages = ["cloudsql"]
  revision = "5bee14b453b4c71be47ec1781b0fa61c2ea182db"

[[projects]]
  branch = "v2"
  name = "gopkg.in/yaml.v2"
  packages = ["."]
  revision = "d670f9405373e636a5a2765eea47fac0c9bc91a4"

[solve-meta]
  analyzer-name = "dep"
  analyzer-version = 1
  inputs-digest = "45adcb89f9cf00af2e8678985d1260221153f051f93ac13b2a3a8a6b938c3e39"
  solver-name = "gps-cdcl"
  solver-version = 1
